// !$*UTF8*$!
{
	archiveVersion = 1;
	classes = {
	};
	objectVersion = 50;
	objects = {

/* Begin PBXBuildFile section */
		63008823A8378228B5A854EC /* Pods_YOHappyChat.framework in Frameworks */ = {isa = PBXBuildFile; fileRef = C3F0EA5297FFC645E7316A17 /* Pods_YOHappyChat.framework */; };
		E7076C06218FCF3000108790 /* AppDelegate.swift in Sources */ = {isa = PBXBuildFile; fileRef = E7076C05218FCF3000108790 /* AppDelegate.swift */; };
		E7076C0D218FCF3200108790 /* Assets.xcassets in Resources */ = {isa = PBXBuildFile; fileRef = E7076C0C218FCF3200108790 /* Assets.xcassets */; };
		E7076C10218FCF3200108790 /* LaunchScreen.storyboard in Resources */ = {isa = PBXBuildFile; fileRef = E7076C0E218FCF3200108790 /* LaunchScreen.storyboard */; };
		E7076C1B218FCF3200108790 /* YOHappyChatTests.swift in Sources */ = {isa = PBXBuildFile; fileRef = E7076C1A218FCF3200108790 /* YOHappyChatTests.swift */; };
		E7076C26218FCF3200108790 /* YOHappyChatUITests.swift in Sources */ = {isa = PBXBuildFile; fileRef = E7076C25218FCF3200108790 /* YOHappyChatUITests.swift */; };
		E7076C37218FCFC200108790 /* RootViewController.swift in Sources */ = {isa = PBXBuildFile; fileRef = E7076C36218FCFC200108790 /* RootViewController.swift */; };
		E7076C39218FD6DF00108790 /* RegisterViewController.swift in Sources */ = {isa = PBXBuildFile; fileRef = E7076C38218FD6DF00108790 /* RegisterViewController.swift */; };
		E7076C3B218FD6ED00108790 /* LoginViewController.swift in Sources */ = {isa = PBXBuildFile; fileRef = E7076C3A218FD6ED00108790 /* LoginViewController.swift */; };
		E7076C45218FEE7800108790 /* ChatViewController.swift in Sources */ = {isa = PBXBuildFile; fileRef = E7076C44218FEE7800108790 /* ChatViewController.swift */; };
/* End PBXBuildFile section */

/* Begin PBXContainerItemProxy section */
		E7076C17218FCF3200108790 /* PBXContainerItemProxy */ = {
			isa = PBXContainerItemProxy;
			containerPortal = E7076BFA218FCF3000108790 /* Project object */;
			proxyType = 1;
			remoteGlobalIDString = E7076C01218FCF3000108790;
			remoteInfo = YOHappyChat;
		};
		E7076C22218FCF3200108790 /* PBXContainerItemProxy */ = {
			isa = PBXContainerItemProxy;
			containerPortal = E7076BFA218FCF3000108790 /* Project object */;
			proxyType = 1;
			remoteGlobalIDString = E7076C01218FCF3000108790;
			remoteInfo = YOHappyChat;
		};
/* End PBXContainerItemProxy section */

/* Begin PBXFileReference section */
		39645C4DF5E20CEA8BF2CFA4 /* Pods-YOHappyChat.debug.xcconfig */ = {isa = PBXFileReference; includeInIndex = 1; lastKnownFileType = text.xcconfig; name = "Pods-YOHappyChat.debug.xcconfig"; path = "Pods/Target Support Files/Pods-YOHappyChat/Pods-YOHappyChat.debug.xcconfig"; sourceTree = "<group>"; };
		4E29575A6D86262EB6D6D3ED /* Pods-YOHappyChat.release.xcconfig */ = {isa = PBXFileReference; includeInIndex = 1; lastKnownFileType = text.xcconfig; name = "Pods-YOHappyChat.release.xcconfig"; path = "Pods/Target Support Files/Pods-YOHappyChat/Pods-YOHappyChat.release.xcconfig"; sourceTree = "<group>"; };
		C3F0EA5297FFC645E7316A17 /* Pods_YOHappyChat.framework */ = {isa = PBXFileReference; explicitFileType = wrapper.framework; includeInIndex = 0; path = Pods_YOHappyChat.framework; sourceTree = BUILT_PRODUCTS_DIR; };
		E7076C02218FCF3000108790 /* YOHappyChat.app */ = {isa = PBXFileReference; explicitFileType = wrapper.application; includeInIndex = 0; path = YOHappyChat.app; sourceTree = BUILT_PRODUCTS_DIR; };
		E7076C05218FCF3000108790 /* AppDelegate.swift */ = {isa = PBXFileReference; lastKnownFileType = sourcecode.swift; path = AppDelegate.swift; sourceTree = "<group>"; };
		E7076C0C218FCF3200108790 /* Assets.xcassets */ = {isa = PBXFileReference; lastKnownFileType = folder.assetcatalog; path = Assets.xcassets; sourceTree = "<group>"; };
		E7076C0F218FCF3200108790 /* Base */ = {isa = PBXFileReference; lastKnownFileType = file.storyboard; name = Base; path = Base.lproj/LaunchScreen.storyboard; sourceTree = "<group>"; };
		E7076C11218FCF3200108790 /* Info.plist */ = {isa = PBXFileReference; lastKnownFileType = text.plist.xml; path = Info.plist; sourceTree = "<group>"; };
		E7076C16218FCF3200108790 /* YOHappyChatTests.xctest */ = {isa = PBXFileReference; explicitFileType = wrapper.cfbundle; includeInIndex = 0; path = YOHappyChatTests.xctest; sourceTree = BUILT_PRODUCTS_DIR; };
		E7076C1A218FCF3200108790 /* YOHappyChatTests.swift */ = {isa = PBXFileReference; lastKnownFileType = sourcecode.swift; path = YOHappyChatTests.swift; sourceTree = "<group>"; };
		E7076C1C218FCF3200108790 /* Info.plist */ = {isa = PBXFileReference; lastKnownFileType = text.plist.xml; path = Info.plist; sourceTree = "<group>"; };
		E7076C21218FCF3200108790 /* YOHappyChatUITests.xctest */ = {isa = PBXFileReference; explicitFileType = wrapper.cfbundle; includeInIndex = 0; path = YOHappyChatUITests.xctest; sourceTree = BUILT_PRODUCTS_DIR; };
		E7076C25218FCF3200108790 /* YOHappyChatUITests.swift */ = {isa = PBXFileReference; lastKnownFileType = sourcecode.swift; path = YOHappyChatUITests.swift; sourceTree = "<group>"; };
		E7076C27218FCF3200108790 /* Info.plist */ = {isa = PBXFileReference; lastKnownFileType = text.plist.xml; path = Info.plist; sourceTree = "<group>"; };
		E7076C36218FCFC200108790 /* RootViewController.swift */ = {isa = PBXFileReference; lastKnownFileType = sourcecode.swift; path = RootViewController.swift; sourceTree = "<group>"; };
		E7076C38218FD6DF00108790 /* RegisterViewController.swift */ = {isa = PBXFileReference; lastKnownFileType = sourcecode.swift; path = RegisterViewController.swift; sourceTree = "<group>"; };
		E7076C3A218FD6ED00108790 /* LoginViewController.swift */ = {isa = PBXFileReference; lastKnownFileType = sourcecode.swift; path = LoginViewController.swift; sourceTree = "<group>"; };
		E7076C3D218FE4B100108790 /* YOHappyChat-Bridging-Header.h */ = {isa = PBXFileReference; lastKnownFileType = sourcecode.c.h; path = "YOHappyChat-Bridging-Header.h"; sourceTree = "<group>"; };
		E7076C44218FEE7800108790 /* ChatViewController.swift */ = {isa = PBXFileReference; lastKnownFileType = sourcecode.swift; path = ChatViewController.swift; sourceTree = "<group>"; };
/* End PBXFileReference section */

/* Begin PBXFrameworksBuildPhase section */
		E7076BFF218FCF3000108790 /* Frameworks */ = {
			isa = PBXFrameworksBuildPhase;
			buildActionMask = 2147483647;
			files = (
				63008823A8378228B5A854EC /* Pods_YOHappyChat.framework in Frameworks */,
			);
			runOnlyForDeploymentPostprocessing = 0;
		};
		E7076C13218FCF3200108790 /* Frameworks */ = {
			isa = PBXFrameworksBuildPhase;
			buildActionMask = 2147483647;
			files = (
			);
			runOnlyForDeploymentPostprocessing = 0;
		};
		E7076C1E218FCF3200108790 /* Frameworks */ = {
			isa = PBXFrameworksBuildPhase;
			buildActionMask = 2147483647;
			files = (
			);
			runOnlyForDeploymentPostprocessing = 0;
		};
/* End PBXFrameworksBuildPhase section */

/* Begin PBXGroup section */
		0314754DCB8ECE89753C8E8E /* Frameworks */ = {
			isa = PBXGroup;
			children = (
				C3F0EA5297FFC645E7316A17 /* Pods_YOHappyChat.framework */,
			);
			name = Frameworks;
			sourceTree = "<group>";
		};
		9275430C27C8667F63592E4E /* Pods */ = {
			isa = PBXGroup;
			children = (
				39645C4DF5E20CEA8BF2CFA4 /* Pods-YOHappyChat.debug.xcconfig */,
				4E29575A6D86262EB6D6D3ED /* Pods-YOHappyChat.release.xcconfig */,
			);
			name = Pods;
			sourceTree = "<group>";
		};
		E7076BF9218FCF3000108790 = {
			isa = PBXGroup;
			children = (
				E7076C04218FCF3000108790 /* YOHappyChat */,
				E7076C19218FCF3200108790 /* YOHappyChatTests */,
				E7076C24218FCF3200108790 /* YOHappyChatUITests */,
				E7076C03218FCF3000108790 /* Products */,
				9275430C27C8667F63592E4E /* Pods */,
				0314754DCB8ECE89753C8E8E /* Frameworks */,
			);
			sourceTree = "<group>";
		};
		E7076C03218FCF3000108790 /* Products */ = {
			isa = PBXGroup;
			children = (
				E7076C02218FCF3000108790 /* YOHappyChat.app */,
				E7076C16218FCF3200108790 /* YOHappyChatTests.xctest */,
				E7076C21218FCF3200108790 /* YOHappyChatUITests.xctest */,
			);
			name = Products;
			sourceTree = "<group>";
		};
		E7076C04218FCF3000108790 /* YOHappyChat */ = {
			isa = PBXGroup;
			children = (
				E7076C35218FCF9300108790 /* Model */,
				E7076C34218FCF8B00108790 /* View */,
				E7076C33218FCF7D00108790 /* Controller */,
				E7076C05218FCF3000108790 /* AppDelegate.swift */,
				E7076C0C218FCF3200108790 /* Assets.xcassets */,
				E7076C0E218FCF3200108790 /* LaunchScreen.storyboard */,
				E7076C11218FCF3200108790 /* Info.plist */,
			);
			path = YOHappyChat;
			sourceTree = "<group>";
		};
		E7076C19218FCF3200108790 /* YOHappyChatTests */ = {
			isa = PBXGroup;
			children = (
				E7076C1A218FCF3200108790 /* YOHappyChatTests.swift */,
				E7076C1C218FCF3200108790 /* Info.plist */,
			);
			path = YOHappyChatTests;
			sourceTree = "<group>";
		};
		E7076C24218FCF3200108790 /* YOHappyChatUITests */ = {
			isa = PBXGroup;
			children = (
				E7076C25218FCF3200108790 /* YOHappyChatUITests.swift */,
				E7076C27218FCF3200108790 /* Info.plist */,
			);
			path = YOHappyChatUITests;
			sourceTree = "<group>";
		};
		E7076C33218FCF7D00108790 /* Controller */ = {
			isa = PBXGroup;
			children = (
				E7076C36218FCFC200108790 /* RootViewController.swift */,
				E7076C38218FD6DF00108790 /* RegisterViewController.swift */,
				E7076C3A218FD6ED00108790 /* LoginViewController.swift */,
				E7076C3D218FE4B100108790 /* YOHappyChat-Bridging-Header.h */,
				E7076C44218FEE7800108790 /* ChatViewController.swift */,
			);
			path = Controller;
			sourceTree = "<group>";
		};
		E7076C34218FCF8B00108790 /* View */ = {
			isa = PBXGroup;
			children = (
			);
			path = View;
			sourceTree = "<group>";
		};
		E7076C35218FCF9300108790 /* Model */ = {
			isa = PBXGroup;
			children = (
			);
			path = Model;
			sourceTree = "<group>";
		};
/* End PBXGroup section */

/* Begin PBXNativeTarget section */
		E7076C01218FCF3000108790 /* YOHappyChat */ = {
			isa = PBXNativeTarget;
			buildConfigurationList = E7076C2A218FCF3200108790 /* Build configuration list for PBXNativeTarget "YOHappyChat" */;
			buildPhases = (
				9157F045E7D8632F9D0E3245 /* [CP] Check Pods Manifest.lock */,
				E7076BFE218FCF3000108790 /* Sources */,
				E7076BFF218FCF3000108790 /* Frameworks */,
				E7076C00218FCF3000108790 /* Resources */,
				694388EC3727441BAAA1507C /* [CP] Embed Pods Frameworks */,
			);
			buildRules = (
			);
			dependencies = (
			);
			name = YOHappyChat;
			productName = YOHappyChat;
			productReference = E7076C02218FCF3000108790 /* YOHappyChat.app */;
			productType = "com.apple.product-type.application";
		};
		E7076C15218FCF3200108790 /* YOHappyChatTests */ = {
			isa = PBXNativeTarget;
			buildConfigurationList = E7076C2D218FCF3200108790 /* Build configuration list for PBXNativeTarget "YOHappyChatTests" */;
			buildPhases = (
				E7076C12218FCF3200108790 /* Sources */,
				E7076C13218FCF3200108790 /* Frameworks */,
				E7076C14218FCF3200108790 /* Resources */,
			);
			buildRules = (
			);
			dependencies = (
				E7076C18218FCF3200108790 /* PBXTargetDependency */,
			);
			name = YOHappyChatTests;
			productName = YOHappyChatTests;
			productReference = E7076C16218FCF3200108790 /* YOHappyChatTests.xctest */;
			productType = "com.apple.product-type.bundle.unit-test";
		};
		E7076C20218FCF3200108790 /* YOHappyChatUITests */ = {
			isa = PBXNativeTarget;
			buildConfigurationList = E7076C30218FCF3200108790 /* Build configuration list for PBXNativeTarget "YOHappyChatUITests" */;
			buildPhases = (
				E7076C1D218FCF3200108790 /* Sources */,
				E7076C1E218FCF3200108790 /* Frameworks */,
				E7076C1F218FCF3200108790 /* Resources */,
			);
			buildRules = (
			);
			dependencies = (
				E7076C23218FCF3200108790 /* PBXTargetDependency */,
			);
			name = YOHappyChatUITests;
			productName = YOHappyChatUITests;
			productReference = E7076C21218FCF3200108790 /* YOHappyChatUITests.xctest */;
			productType = "com.apple.product-type.bundle.ui-testing";
		};
/* End PBXNativeTarget section */

/* Begin PBXProject section */
		E7076BFA218FCF3000108790 /* Project object */ = {
			isa = PBXProject;
			attributes = {
				LastSwiftUpdateCheck = 1000;
				LastUpgradeCheck = 1000;
				ORGANIZATIONNAME = hello;
				TargetAttributes = {
					E7076C01218FCF3000108790 = {
						CreatedOnToolsVersion = 10.0;
						LastSwiftMigration = 1000;
					};
					E7076C15218FCF3200108790 = {
						CreatedOnToolsVersion = 10.0;
						TestTargetID = E7076C01218FCF3000108790;
					};
					E7076C20218FCF3200108790 = {
						CreatedOnToolsVersion = 10.0;
						TestTargetID = E7076C01218FCF3000108790;
					};
				};
			};
			buildConfigurationList = E7076BFD218FCF3000108790 /* Build configuration list for PBXProject "YOHappyChat" */;
			compatibilityVersion = "Xcode 9.3";
			developmentRegion = en;
			hasScannedForEncodings = 0;
			knownRegions = (
				en,
				Base,
			);
			mainGroup = E7076BF9218FCF3000108790;
			productRefGroup = E7076C03218FCF3000108790 /* Products */;
			projectDirPath = "";
			projectRoot = "";
			targets = (
				E7076C01218FCF3000108790 /* YOHappyChat */,
				E7076C15218FCF3200108790 /* YOHappyChatTests */,
				E7076C20218FCF3200108790 /* YOHappyChatUITests */,
			);
		};
/* End PBXProject section */

/* Begin PBXResourcesBuildPhase section */
		E7076C00218FCF3000108790 /* Resources */ = {
			isa = PBXResourcesBuildPhase;
			buildActionMask = 2147483647;
			files = (
				E7076C10218FCF3200108790 /* LaunchScreen.storyboard in Resources */,
				E7076C0D218FCF3200108790 /* Assets.xcassets in Resources */,
			);
			runOnlyForDeploymentPostprocessing = 0;
		};
		E7076C14218FCF3200108790 /* Resources */ = {
			isa = PBXResourcesBuildPhase;
			buildActionMask = 2147483647;
			files = (
			);
			runOnlyForDeploymentPostprocessing = 0;
		};
		E7076C1F218FCF3200108790 /* Resources */ = {
			isa = PBXResourcesBuildPhase;
			buildActionMask = 2147483647;
			files = (
			);
			runOnlyForDeploymentPostprocessing = 0;
		};
/* End PBXResourcesBuildPhase section */

/* Begin PBXShellScriptBuildPhase section */
		694388EC3727441BAAA1507C /* [CP] Embed Pods Frameworks */ = {
			isa = PBXShellScriptBuildPhase;
			buildActionMask = 2147483647;
			files = (
			);
			inputPaths = (
				"${SRCROOT}/Pods/Target Support Files/Pods-YOHappyChat/Pods-YOHappyChat-frameworks.sh",
				"${BUILT_PRODUCTS_DIR}/Alamofire/Alamofire.framework",
				"${BUILT_PRODUCTS_DIR}/ChameleonFramework/ChameleonFramework.framework",
				"${BUILT_PRODUCTS_DIR}/SVProgressHUD/SVProgressHUD.framework",
			);
			name = "[CP] Embed Pods Frameworks";
			outputPaths = (
				"${TARGET_BUILD_DIR}/${FRAMEWORKS_FOLDER_PATH}/Alamofire.framework",
				"${TARGET_BUILD_DIR}/${FRAMEWORKS_FOLDER_PATH}/ChameleonFramework.framework",
				"${TARGET_BUILD_DIR}/${FRAMEWORKS_FOLDER_PATH}/SVProgressHUD.framework",
			);
			runOnlyForDeploymentPostprocessing = 0;
			shellPath = /bin/sh;
			shellScript = "\"${SRCROOT}/Pods/Target Support Files/Pods-YOHappyChat/Pods-YOHappyChat-frameworks.sh\"\n";
			showEnvVarsInLog = 0;
		};
		9157F045E7D8632F9D0E3245 /* [CP] Check Pods Manifest.lock */ = {
			isa = PBXShellScriptBuildPhase;
			buildActionMask = 2147483647;
			files = (
			);
			inputPaths = (
				"${PODS_PODFILE_DIR_PATH}/Podfile.lock",
				"${PODS_ROOT}/Manifest.lock",
			);
			name = "[CP] Check Pods Manifest.lock";
			outputPaths = (
				"$(DERIVED_FILE_DIR)/Pods-YOHappyChat-checkManifestLockResult.txt",
			);
			runOnlyForDeploymentPostprocessing = 0;
			shellPath = /bin/sh;
			shellScript = "diff \"${PODS_PODFILE_DIR_PATH}/Podfile.lock\" \"${PODS_ROOT}/Manifest.lock\" > /dev/null\nif [ $? != 0 ] ; then\n    # print error to STDERR\n    echo \"error: The sandbox is not in sync with the Podfile.lock. Run 'pod install' or update your CocoaPods installation.\" >&2\n    exit 1\nfi\n# This output is used by Xcode 'outputs' to avoid re-running this script phase.\necho \"SUCCESS\" > \"${SCRIPT_OUTPUT_FILE_0}\"\n";
			showEnvVarsInLog = 0;
		};
/* End PBXShellScriptBuildPhase section */

/* Begin PBXSourcesBuildPhase section */
		E7076BFE218FCF3000108790 /* Sources */ = {
			isa = PBXSourcesBuildPhase;
			buildActionMask = 2147483647;
			files = (
				E7076C3B218FD6ED00108790 /* LoginViewController.swift in Sources */,
				E7076C39218FD6DF00108790 /* RegisterViewController.swift in Sources */,
				E7076C37218FCFC200108790 /* RootViewController.swift in Sources */,
				E7076C45218FEE7800108790 /* ChatViewController.swift in Sources */,
				E7076C06218FCF3000108790 /* AppDelegate.swift in Sources */,
			);
			runOnlyForDeploymentPostprocessing = 0;
		};
		E7076C12218FCF3200108790 /* Sources */ = {
			isa = PBXSourcesBuildPhase;
			buildActionMask = 2147483647;
			files = (
				E7076C1B218FCF3200108790 /* YOHappyChatTests.swift in Sources */,
			);
			runOnlyForDeploymentPostprocessing = 0;
		};
		E7076C1D218FCF3200108790 /* Sources */ = {
			isa = PBXSourcesBuildPhase;
			buildActionMask = 2147483647;
			files = (
				E7076C26218FCF3200108790 /* YOHappyChatUITests.swift in Sources */,
			);
			runOnlyForDeploymentPostprocessing = 0;
		};
/* End PBXSourcesBuildPhase section */

/* Begin PBXTargetDependency section */
		E7076C18218FCF3200108790 /* PBXTargetDependency */ = {
			isa = PBXTargetDependency;
			target = E7076C01218FCF3000108790 /* YOHappyChat */;
			targetProxy = E7076C17218FCF3200108790 /* PBXContainerItemProxy */;
		};
		E7076C23218FCF3200108790 /* PBXTargetDependency */ = {
			isa = PBXTargetDependency;
			target = E7076C01218FCF3000108790 /* YOHappyChat */;
			targetProxy = E7076C22218FCF3200108790 /* PBXContainerItemProxy */;
		};
/* End PBXTargetDependency section */

/* Begin PBXVariantGroup section */
		E7076C0E218FCF3200108790 /* LaunchScreen.storyboard */ = {
			isa = PBXVariantGroup;
			children = (
				E7076C0F218FCF3200108790 /* Base */,
			);
			name = LaunchScreen.storyboard;
			sourceTree = "<group>";
		};
/* End PBXVariantGroup section */

/* Begin XCBuildConfiguration section */
		E7076C28218FCF3200108790 /* Debug */ = {
			isa = XCBuildConfiguration;
			buildSettings = {
				ALWAYS_SEARCH_USER_PATHS = NO;
				CLANG_ANALYZER_NONNULL = YES;
				CLANG_ANALYZER_NUMBER_OBJECT_CONVERSION = YES_AGGRESSIVE;
				CLANG_CXX_LANGUAGE_STANDARD = "gnu++14";
				CLANG_CXX_LIBRARY = "libc++";
				CLANG_ENABLE_MODULES = YES;
				CLANG_ENABLE_OBJC_ARC = YES;
				CLANG_ENABLE_OBJC_WEAK = YES;
				CLANG_WARN_BLOCK_CAPTURE_AUTORELEASING = YES;
				CLANG_WARN_BOOL_CONVERSION = YES;
				CLANG_WARN_COMMA = YES;
				CLANG_WARN_CONSTANT_CONVERSION = YES;
				CLANG_WARN_DEPRECATED_OBJC_IMPLEMENTATIONS = YES;
				CLANG_WARN_DIRECT_OBJC_ISA_USAGE = YES_ERROR;
				CLANG_WARN_DOCUMENTATION_COMMENTS = YES;
				CLANG_WARN_EMPTY_BODY = YES;
				CLANG_WARN_ENUM_CONVERSION = YES;
				CLANG_WARN_INFINITE_RECURSION = YES;
				CLANG_WARN_INT_CONVERSION = YES;
				CLANG_WARN_NON_LITERAL_NULL_CONVERSION = YES;
				CLANG_WARN_OBJC_IMPLICIT_RETAIN_SELF = YES;
				CLANG_WARN_OBJC_LITERAL_CONVERSION = YES;
				CLANG_WARN_OBJC_ROOT_CLASS = YES_ERROR;
				CLANG_WARN_RANGE_LOOP_ANALYSIS = YES;
				CLANG_WARN_STRICT_PROTOTYPES = YES;
				CLANG_WARN_SUSPICIOUS_MOVE = YES;
				CLANG_WARN_UNGUARDED_AVAILABILITY = YES_AGGRESSIVE;
				CLANG_WARN_UNREACHABLE_CODE = YES;
				CLANG_WARN__DUPLICATE_METHOD_MATCH = YES;
				CODE_SIGN_IDENTITY = "iPhone Developer";
				COPY_PHASE_STRIP = NO;
				DEBUG_INFORMATION_FORMAT = dwarf;
				ENABLE_STRICT_OBJC_MSGSEND = YES;
				ENABLE_TESTABILITY = YES;
				GCC_C_LANGUAGE_STANDARD = gnu11;
				GCC_DYNAMIC_NO_PIC = NO;
				GCC_NO_COMMON_BLOCKS = YES;
				GCC_OPTIMIZATION_LEVEL = 0;
				GCC_PREPROCESSOR_DEFINITIONS = (
					"DEBUG=1",
					"$(inherited)",
				);
				GCC_WARN_64_TO_32_BIT_CONVERSION = YES;
				GCC_WARN_ABOUT_RETURN_TYPE = YES_ERROR;
				GCC_WARN_UNDECLARED_SELECTOR = YES;
				GCC_WARN_UNINITIALIZED_AUTOS = YES_AGGRESSIVE;
				GCC_WARN_UNUSED_FUNCTION = YES;
				GCC_WARN_UNUSED_VARIABLE = YES;
				IPHONEOS_DEPLOYMENT_TARGET = 12.0;
				MTL_ENABLE_DEBUG_INFO = INCLUDE_SOURCE;
				MTL_FAST_MATH = YES;
				ONLY_ACTIVE_ARCH = YES;
				SDKROOT = iphoneos;
				SWIFT_ACTIVE_COMPILATION_CONDITIONS = DEBUG;
				SWIFT_OPTIMIZATION_LEVEL = "-Onone";
			};
			name = Debug;
		};
		E7076C29218FCF3200108790 /* Release */ = {
			isa = XCBuildConfiguration;
			buildSettings = {
				ALWAYS_SEARCH_USER_PATHS = NO;
				CLANG_ANALYZER_NONNULL = YES;
				CLANG_ANALYZER_NUMBER_OBJECT_CONVERSION = YES_AGGRESSIVE;
				CLANG_CXX_LANGUAGE_STANDARD = "gnu++14";
				CLANG_CXX_LIBRARY = "libc++";
				CLANG_ENABLE_MODULES = YES;
				CLANG_ENABLE_OBJC_ARC = YES;
				CLANG_ENABLE_OBJC_WEAK = YES;
				CLANG_WARN_BLOCK_CAPTURE_AUTORELEASING = YES;
				CLANG_WARN_BOOL_CONVERSION = YES;
				CLANG_WARN_COMMA = YES;
				CLANG_WARN_CONSTANT_CONVERSION = YES;
				CLANG_WARN_DEPRECATED_OBJC_IMPLEMENTATIONS = YES;
				CLANG_WARN_DIRECT_OBJC_ISA_USAGE = YES_ERROR;
				CLANG_WARN_DOCUMENTATION_COMMENTS = YES;
				CLANG_WARN_EMPTY_BODY = YES;
				CLANG_WARN_ENUM_CONVERSION = YES;
				CLANG_WARN_INFINITE_RECURSION = YES;
				CLANG_WARN_INT_CONVERSION = YES;
				CLANG_WARN_NON_LITERAL_NULL_CONVERSION = YES;
				CLANG_WARN_OBJC_IMPLICIT_RETAIN_SELF = YES;
				CLANG_WARN_OBJC_LITERAL_CONVERSION = YES;
				CLANG_WARN_OBJC_ROOT_CLASS = YES_ERROR;
				CLANG_WARN_RANGE_LOOP_ANALYSIS = YES;
				CLANG_WARN_STRICT_PROTOTYPES = YES;
				CLANG_WARN_SUSPICIOUS_MOVE = YES;
				CLANG_WARN_UNGUARDED_AVAILABILITY = YES_AGGRESSIVE;
				CLANG_WARN_UNREACHABLE_CODE = YES;
				CLANG_WARN__DUPLICATE_METHOD_MATCH = YES;
				CODE_SIGN_IDENTITY = "iPhone Developer";
				COPY_PHASE_STRIP = NO;
				DEBUG_INFORMATION_FORMAT = "dwarf-with-dsym";
				ENABLE_NS_ASSERTIONS = NO;
				ENABLE_STRICT_OBJC_MSGSEND = YES;
				GCC_C_LANGUAGE_STANDARD = gnu11;
				GCC_NO_COMMON_BLOCKS = YES;
				GCC_WARN_64_TO_32_BIT_CONVERSION = YES;
				GCC_WARN_ABOUT_RETURN_TYPE = YES_ERROR;
				GCC_WARN_UNDECLARED_SELECTOR = YES;
				GCC_WARN_UNINITIALIZED_AUTOS = YES_AGGRESSIVE;
				GCC_WARN_UNUSED_FUNCTION = YES;
				GCC_WARN_UNUSED_VARIABLE = YES;
				IPHONEOS_DEPLOYMENT_TARGET = 12.0;
				MTL_ENABLE_DEBUG_INFO = NO;
				MTL_FAST_MATH = YES;
				SDKROOT = iphoneos;
				SWIFT_COMPILATION_MODE = wholemodule;
				SWIFT_OPTIMIZATION_LEVEL = "-O";
				VALIDATE_PRODUCT = YES;
			};
			name = Release;
		};
		E7076C2B218FCF3200108790 /* Debug */ = {
			isa = XCBuildConfiguration;
			baseConfigurationReference = 39645C4DF5E20CEA8BF2CFA4 /* Pods-YOHappyChat.debug.xcconfig */;
			buildSettings = {
				ASSETCATALOG_COMPILER_APPICON_NAME = AppIcon;
				CLANG_ENABLE_MODULES = YES;
				CODE_SIGN_STYLE = Automatic;
				INFOPLIST_FILE = YOHappyChat/Info.plist;
				IPHONEOS_DEPLOYMENT_TARGET = 11.0;
				LD_RUNPATH_SEARCH_PATHS = (
					"$(inherited)",
					"@executable_path/Frameworks",
				);
				PRODUCT_BUNDLE_IDENTIFIER = com.yangouyaya.YOHappyChat;
				PRODUCT_NAME = "$(TARGET_NAME)";
				SWIFT_OBJC_BRIDGING_HEADER = "YOHappyChat/Controller/YOHappyChat-Bridging-Header.h";
				SWIFT_OPTIMIZATION_LEVEL = "-Onone";
				SWIFT_VERSION = 4.2;
				TARGETED_DEVICE_FAMILY = "1,2";
			};
			name = Debug;
		};
		E7076C2C218FCF3200108790 /* Release */ = {
			isa = XCBuildConfiguration;
			baseConfigurationReference = 4E29575A6D86262EB6D6D3ED /* Pods-YOHappyChat.release.xcconfig */;
			buildSettings = {
				ASSETCATALOG_COMPILER_APPICON_NAME = AppIcon;
				CLANG_ENABLE_MODULES = YES;
				CODE_SIGN_STYLE = Automatic;
				INFOPLIST_FILE = YOHappyChat/Info.plist;
				IPHONEOS_DEPLOYMENT_TARGET = 11.0;
				LD_RUNPATH_SEARCH_PATHS = (
					"$(inherited)",
					"@executable_path/Frameworks",
				);
				PRODUCT_BUNDLE_IDENTIFIER = com.yangouyaya.YOHappyChat;
				PRODUCT_NAME = "$(TARGET_NAME)";
				SWIFT_OBJC_BRIDGING_HEADER = "YOHappyChat/Controller/YOHappyChat-Bridging-Header.h";
				SWIFT_VERSION = 4.2;
				TARGETED_DEVICE_FAMILY = "1,2";
			};
			name = Release;
		};
		E7076C2E218FCF3200108790 /* Debug */ = {
			isa = XCBuildConfiguration;
			buildSettings = {
				ALWAYS_EMBED_SWIFT_STANDARD_LIBRARIES = YES;
				BUNDLE_LOADER = "$(TEST_HOST)";
				CODE_SIGN_STYLE = Automatic;
				INFOPLIST_FILE = YOHappyChatTests/Info.plist;
				LD_RUNPATH_SEARCH_PATHS = (
					"$(inherited)",
					"@executable_path/Frameworks",
					"@loader_path/Frameworks",
				);
				PRODUCT_BUNDLE_IDENTIFIER = com.yangouyaya.YOHappyChatTests;
				PRODUCT_NAME = "$(TARGET_NAME)";
				SWIFT_VERSION = 4.2;
				TARGETED_DEVICE_FAMILY = "1,2";
				TEST_HOST = "$(BUILT_PRODUCTS_DIR)/YOHappyChat.app/YOHappyChat";
			};
			name = Debug;
		};
		E7076C2F218FCF3200108790 /* Release */ = {
			isa = XCBuildConfiguration;
			buildSettings = {
				ALWAYS_EMBED_SWIFT_STANDARD_LIBRARIES = YES;
				BUNDLE_LOADER = "$(TEST_HOST)";
				CODE_SIGN_STYLE = Automatic;
				INFOPLIST_FILE = YOHappyChatTests/Info.plist;
				LD_RUNPATH_SEARCH_PATHS = (
					"$(inherited)",
					"@executable_path/Frameworks",
					"@loader_path/Frameworks",
				);
				PRODUCT_BUNDLE_IDENTIFIER = com.yangouyaya.YOHappyChatTests;
				PRODUCT_NAME = "$(TARGET_NAME)";
				SWIFT_VERSION = 4.2;
				TARGETED_DEVICE_FAMILY = "1,2";
				TEST_HOST = "$(BUILT_PRODUCTS_DIR)/YOHappyChat.app/YOHappyChat";
			};
			name = Release;
		};
		E7076C31218FCF3200108790 /* Debug */ = {
			isa = XCBuildConfiguration;
			buildSettings = {
				ALWAYS_EMBED_SWIFT_STANDARD_LIBRARIES = YES;
				CODE_SIGN_STYLE = Automatic;
				INFOPLIST_FILE = YOHappyChatUITests/Info.plist;
				LD_RUNPATH_SEARCH_PATHS = (
					"$(inherited)",
					"@executable_path/Frameworks",
					"@loader_path/Frameworks",
				);
				PRODUCT_BUNDLE_IDENTIFIER = com.yangouyaya.YOHappyChatUITests;
				PRODUCT_NAME = "$(TARGET_NAME)";
				SWIFT_VERSION = 4.2;
				TARGETED_DEVICE_FAMILY = "1,2";
				TEST_TARGET_NAME = YOHappyChat;
			};
			name = Debug;
		};
		E7076C32218FCF3200108790 /* Release */ = {
			isa = XCBuildConfiguration;
			buildSettings = {
				ALWAYS_EMBED_SWIFT_STANDARD_LIBRARIES = YES;
				CODE_SIGN_STYLE = Automatic;
				INFOPLIST_FILE = YOHappyChatUITests/Info.plist;
				LD_RUNPATH_SEARCH_PATHS = (
					"$(inherited)",
					"@executable_path/Frameworks",
					"@loader_path/Frameworks",
				);
				PRODUCT_BUNDLE_IDENTIFIER = com.yangouyaya.YOHappyChatUITests;
				PRODUCT_NAME = "$(TARGET_NAME)";
				SWIFT_VERSION = 4.2;
				TARGETED_DEVICE_FAMILY = "1,2";
				TEST_TARGET_NAME = YOHappyChat;
			};
			name = Release;
		};
/* End XCBuildConfiguration section */

/* Begin XCConfigurationList section */
		E7076BFD218FCF3000108790 /* Build configuration list for PBXProject "YOHappyChat" */ = {
			isa = XCConfigurationList;
			buildConfigurations = (
				E7076C28218FCF3200108790 /* Debug */,
				E7076C29218FCF3200108790 /* Release */,
			);
			defaultConfigurationIsVisible = 0;
			defaultConfigurationName = Release;
		};
		E7076C2A218FCF3200108790 /* Build configuration list for PBXNativeTarget "YOHappyChat" */ = {
			isa = XCConfigurationList;
			buildConfigurations = (
				E7076C2B218FCF3200108790 /* Debug */,
				E7076C2C218FCF3200108790 /* Release */,
			);
			defaultConfigurationIsVisible = 0;
			defaultConfigurationName = Release;
		};
		E7076C2D218FCF3200108790 /* Build configuration list for PBXNativeTarget "YOHappyChatTests" */ = {
			isa = XCConfigurationList;
			buildConfigurations = (
				E7076C2E218FCF3200108790 /* Debug */,
				E7076C2F218FCF3200108790 /* Release */,
			);
			defaultConfigurationIsVisible = 0;
			defaultConfigurationName = Release;
		};
		E7076C30218FCF3200108790 /* Build configuration list for PBXNativeTarget "YOHappyChatUITests" */ = {
			isa = XCConfigurationList;
			buildConfigurations = (
				E7076C31218FCF3200108790 /* Debug */,
				E7076C32218FCF3200108790 /* Release */,
			);
			defaultConfigurationIsVisible = 0;
			defaultConfigurationName = Release;
		};
/* End XCConfigurationList section */
	};
	rootObject = E7076BFA218FCF3000108790 /* Project object */;
}
